
Microsoft Visual Studio Solution File, Format Version 12.00
Project("{FAE04EC0-301F-11D3-BF4B-00C04F79EFBC}") = "ItPlanetAPI", "ItPlanetAPI\ItPlanetAPI.csproj", "{876D0F50-D5E3-47F1-BD36-F2D1CE560F52}"
EndProject
Project("{FAE04EC0-301F-11D3-BF4B-00C04F79EFBC}") = "ItPlanetTests", "ItPlanetTests\ItPlanetTests.csproj", "{E9BB8D0F-AC20-45E1-90FD-6649AD9EE849}"
EndProject
Global
	GlobalSection(SolutionConfigurationPlatforms) = preSolution
		Debug|Any CPU = Debug|Any CPU
		Release|Any CPU = Release|Any CPU
	EndGlobalSection
	GlobalSection(ProjectConfigurationPlatforms) = postSolution
		{876D0F50-D5E3-47F1-BD36-F2D1CE560F52}.Debug|Any CPU.ActiveCfg = Debug|Any CPU
		{876D0F50-D5E3-47F1-BD36-F2D1CE560F52}.Debug|Any CPU.Build.0 = Debug|Any CPU
		{876D0F50-D5E3-47F1-BD36-F2D1CE560F52}.Release|Any CPU.ActiveCfg = Release|Any CPU
		{876D0F50-D5E3-47F1-BD36-F2D1CE560F52}.Release|Any CPU.Build.0 = Release|Any CPU
		{E9BB8D0F-AC20-45E1-90FD-6649AD9EE849}.Debug|Any CPU.ActiveCfg = Debug|Any CPU
		{E9BB8D0F-AC20-45E1-90FD-6649AD9EE849}.Debug|Any CPU.Build.0 = Debug|Any CPU
		{E9BB8D0F-AC20-45E1-90FD-6649AD9EE849}.Release|Any CPU.ActiveCfg = Release|Any CPU
		{E9BB8D0F-AC20-45E1-90FD-6649AD9EE849}.Release|Any CPU.Build.0 = Release|Any CPU
	EndGlobalSection
EndGlobal
